
Microsoft Visual Studio Solution File, Format Version 12.00
# Visual Studio Version 17
VisualStudioVersion = 17.1.32228.430
MinimumVisualStudioVersion = 10.0.40219.1
Project("{FAE04EC0-301F-11D3-BF4B-00C04F79EFBC}") = "EntidadesTP", "EntidadesTP.csproj", "{DB890C16-0D45-4C67-9669-D192D893D695}"
EndProject
Project("{FAE04EC0-301F-11D3-BF4B-00C04F79EFBC}") = "MiCalculadora", "..\MiCalculadora\MiCalculadora.csproj", "{CA485CF6-EC66-40C4-976F-C7F99BFE88E4}"
EndProject
Global
	GlobalSection(SolutionConfigurationPlatforms) = preSolution
		Debug|Any CPU = Debug|Any CPU
		Release|Any CPU = Release|Any CPU
	EndGlobalSection
	GlobalSection(ProjectConfigurationPlatforms) = postSolution
		{DB890C16-0D45-4C67-9669-D192D893D695}.Debug|Any CPU.ActiveCfg = Debug|Any CPU
		{DB890C16-0D45-4C67-9669-D192D893D695}.Debug|Any CPU.Build.0 = Debug|Any CPU
		{DB890C16-0D45-4C67-9669-D192D893D695}.Release|Any CPU.ActiveCfg = Release|Any CPU
		{DB890C16-0D45-4C67-9669-D192D893D695}.Release|Any CPU.Build.0 = Release|Any CPU
		{CA485CF6-EC66-40C4-976F-C7F99BFE88E4}.Debug|Any CPU.ActiveCfg = Debug|Any CPU
		{CA485CF6-EC66-40C4-976F-C7F99BFE88E4}.Debug|Any CPU.Build.0 = Debug|Any CPU
		{CA485CF6-EC66-40C4-976F-C7F99BFE88E4}.Release|Any CPU.ActiveCfg = Release|Any CPU
		{CA485CF6-EC66-40C4-976F-C7F99BFE88E4}.Release|Any CPU.Build.0 = Release|Any CPU
	EndGlobalSection
	GlobalSection(SolutionProperties) = preSolution
		HideSolutionNode = FALSE
	EndGlobalSection
	GlobalSection(ExtensibilityGlobals) = postSolution
		SolutionGuid = {05440F7E-DB6D-4EBC-A9A7-87057ED02A6B}
	EndGlobalSection
EndGlobal
